
Microsoft Visual Studio Solution File, Format Version 11.00
# Visual Studio 2010
Project("{FAE04EC0-301F-11D3-BF4B-00C04F79EFBC}") = "Robot.Core", "Robot.Core\Robot.Core.csproj", "{EF9EADC2-252E-42BD-9D9D-1A9A227C493B}"
EndProject
Project("{FAE04EC0-301F-11D3-BF4B-00C04F79EFBC}") = "Robot.Micro.Core", "Robot.Micro.Core\Robot.Micro.Core.csproj", "{6F414A04-3C04-4534-9D26-8EC5E3E827B3}"
EndProject
Project("{FAE04EC0-301F-11D3-BF4B-00C04F79EFBC}") = "Robot.Core.Test", "Robot.Core.Test\Robot.Core.Test.csproj", "{5064630A-9AE3-4DD8-A0DE-C29841A2B498}"
EndProject
Project("{2150E333-8FDC-42A3-9474-1A3956D46DE8}") = "Solution Items", "Solution Items", "{D52711EE-7A27-40B4-AD05-F61DE55190BE}"
	ProjectSection(SolutionItems) = preProject
		Local.testsettings = Local.testsettings
		Robot.vsmdi = Robot.vsmdi
		TraceAndTestImpact.testsettings = TraceAndTestImpact.testsettings
	EndProjectSection
EndProject
Project("{FAE04EC0-301F-11D3-BF4B-00C04F79EFBC}") = "Robot.Micro.Core.Test", "Robot.Micro.Core.Test\Robot.Micro.Core.Test.csproj", "{305CCB57-AE43-48E2-89E1-4471F6EE3BE2}"
EndProject
Project("{FAE04EC0-301F-11D3-BF4B-00C04F79EFBC}") = "Robot.Micro.Limpy", "Robot.Micro.Limpy\Robot.Micro.Limpy.csproj", "{F43E05AC-A154-45F0-BEBD-3F5BCDCE8227}"
EndProject
Project("{FAE04EC0-301F-11D3-BF4B-00C04F79EFBC}") = "MFClassLibrary1", "MFClassLibrary1\MFClassLibrary1.csproj", "{2833FC0F-06AC-474B-BFD7-30FF4C4C20BB}"
EndProject
Global
	GlobalSection(TestCaseManagementSettings) = postSolution
		CategoryFile = Robot.vsmdi
	EndGlobalSection
	GlobalSection(SolutionConfigurationPlatforms) = preSolution
		Debug|Any CPU = Debug|Any CPU
		Release|Any CPU = Release|Any CPU
	EndGlobalSection
	GlobalSection(ProjectConfigurationPlatforms) = postSolution
		{EF9EADC2-252E-42BD-9D9D-1A9A227C493B}.Debug|Any CPU.ActiveCfg = Debug|Any CPU
		{EF9EADC2-252E-42BD-9D9D-1A9A227C493B}.Debug|Any CPU.Build.0 = Debug|Any CPU
		{EF9EADC2-252E-42BD-9D9D-1A9A227C493B}.Release|Any CPU.ActiveCfg = Release|Any CPU
		{EF9EADC2-252E-42BD-9D9D-1A9A227C493B}.Release|Any CPU.Build.0 = Release|Any CPU
		{6F414A04-3C04-4534-9D26-8EC5E3E827B3}.Debug|Any CPU.ActiveCfg = Debug|Any CPU
		{6F414A04-3C04-4534-9D26-8EC5E3E827B3}.Debug|Any CPU.Build.0 = Debug|Any CPU
		{6F414A04-3C04-4534-9D26-8EC5E3E827B3}.Release|Any CPU.ActiveCfg = Release|Any CPU
		{6F414A04-3C04-4534-9D26-8EC5E3E827B3}.Release|Any CPU.Build.0 = Release|Any CPU
		{5064630A-9AE3-4DD8-A0DE-C29841A2B498}.Debug|Any CPU.ActiveCfg = Debug|Any CPU
		{5064630A-9AE3-4DD8-A0DE-C29841A2B498}.Debug|Any CPU.Build.0 = Debug|Any CPU
		{5064630A-9AE3-4DD8-A0DE-C29841A2B498}.Release|Any CPU.ActiveCfg = Release|Any CPU
		{5064630A-9AE3-4DD8-A0DE-C29841A2B498}.Release|Any CPU.Build.0 = Release|Any CPU
		{305CCB57-AE43-48E2-89E1-4471F6EE3BE2}.Debug|Any CPU.ActiveCfg = Debug|Any CPU
		{305CCB57-AE43-48E2-89E1-4471F6EE3BE2}.Debug|Any CPU.Build.0 = Debug|Any CPU
		{305CCB57-AE43-48E2-89E1-4471F6EE3BE2}.Debug|Any CPU.Deploy.0 = Debug|Any CPU
		{305CCB57-AE43-48E2-89E1-4471F6EE3BE2}.Release|Any CPU.ActiveCfg = Release|Any CPU
		{305CCB57-AE43-48E2-89E1-4471F6EE3BE2}.Release|Any CPU.Build.0 = Release|Any CPU
		{305CCB57-AE43-48E2-89E1-4471F6EE3BE2}.Release|Any CPU.Deploy.0 = Release|Any CPU
		{F43E05AC-A154-45F0-BEBD-3F5BCDCE8227}.Debug|Any CPU.ActiveCfg = Debug|Any CPU
		{F43E05AC-A154-45F0-BEBD-3F5BCDCE8227}.Debug|Any CPU.Build.0 = Debug|Any CPU
		{F43E05AC-A154-45F0-BEBD-3F5BCDCE8227}.Debug|Any CPU.Deploy.0 = Debug|Any CPU
		{F43E05AC-A154-45F0-BEBD-3F5BCDCE8227}.Release|Any CPU.ActiveCfg = Release|Any CPU
		{F43E05AC-A154-45F0-BEBD-3F5BCDCE8227}.Release|Any CPU.Build.0 = Release|Any CPU
		{F43E05AC-A154-45F0-BEBD-3F5BCDCE8227}.Release|Any CPU.Deploy.0 = Release|Any CPU
		{2833FC0F-06AC-474B-BFD7-30FF4C4C20BB}.Debug|Any CPU.ActiveCfg = Debug|Any CPU
		{2833FC0F-06AC-474B-BFD7-30FF4C4C20BB}.Debug|Any CPU.Build.0 = Debug|Any CPU
		{2833FC0F-06AC-474B-BFD7-30FF4C4C20BB}.Release|Any CPU.ActiveCfg = Release|Any CPU
		{2833FC0F-06AC-474B-BFD7-30FF4C4C20BB}.Release|Any CPU.Build.0 = Release|Any CPU
	EndGlobalSection
	GlobalSection(SolutionProperties) = preSolution
		HideSolutionNode = FALSE
	EndGlobalSection
EndGlobal
